
Microsoft Visual Studio Solution File, Format Version 12.00
# Visual Studio Version 16
VisualStudioVersion = 16.0.31005.135
MinimumVisualStudioVersion = 10.0.40219.1
Project("{9A19103F-16F7-4668-BE54-9A1E7A4F7556}") = "Sudoku", "Sudoku\Sudoku.csproj", "{1DCBDBF2-C3FE-4022-A05B-063BB78F9DDF}"
EndProject
Project("{FAE04EC0-301F-11D3-BF4B-00C04F79EFBC}") = "Sudoku.Tests", "Sudoku.Tests\Sudoku.Tests.csproj", "{7CDF191A-0839-426D-A819-E3B4F402C09A}"
EndProject
Global
	GlobalSection(SolutionConfigurationPlatforms) = preSolution
		Debug|Any CPU = Debug|Any CPU
		Release|Any CPU = Release|Any CPU
	EndGlobalSection
	GlobalSection(ProjectConfigurationPlatforms) = postSolution
		{1DCBDBF2-C3FE-4022-A05B-063BB78F9DDF}.Debug|Any CPU.ActiveCfg = Debug|Any CPU
		{1DCBDBF2-C3FE-4022-A05B-063BB78F9DDF}.Debug|Any CPU.Build.0 = Debug|Any CPU
		{1DCBDBF2-C3FE-4022-A05B-063BB78F9DDF}.Release|Any CPU.ActiveCfg = Release|Any CPU
		{1DCBDBF2-C3FE-4022-A05B-063BB78F9DDF}.Release|Any CPU.Build.0 = Release|Any CPU
		{7CDF191A-0839-426D-A819-E3B4F402C09A}.Debug|Any CPU.ActiveCfg = Debug|Any CPU
		{7CDF191A-0839-426D-A819-E3B4F402C09A}.Debug|Any CPU.Build.0 = Debug|Any CPU
		{7CDF191A-0839-426D-A819-E3B4F402C09A}.Release|Any CPU.ActiveCfg = Release|Any CPU
		{7CDF191A-0839-426D-A819-E3B4F402C09A}.Release|Any CPU.Build.0 = Release|Any CPU
	EndGlobalSection
	GlobalSection(SolutionProperties) = preSolution
		HideSolutionNode = FALSE
	EndGlobalSection
	GlobalSection(ExtensibilityGlobals) = postSolution
		SolutionGuid = {98C252AE-6025-4140-AE0E-6436D318F0B9}
	EndGlobalSection
EndGlobal
